// !$*UTF8*$!
{
	archiveVersion = 1;
	classes = {
	};
	objectVersion = 55;
	objects = {

/* Begin PBXBuildFile section */
		9490B54F28759ACD009E77BD /* CategoryPickerViewController.swift in Sources */ = {isa = PBXBuildFile; fileRef = 9490B54E28759ACD009E77BD /* CategoryPickerViewController.swift */; };
		9490B5512875C08A009E77BD /* HudView.swift in Sources */ = {isa = PBXBuildFile; fileRef = 9490B5502875C08A009E77BD /* HudView.swift */; };
		9490B5532875C817009E77BD /* Functions.swift in Sources */ = {isa = PBXBuildFile; fileRef = 9490B5522875C817009E77BD /* Functions.swift */; };
		9490B5562876CB18009E77BD /* Location+CoreDataClass.swift in Sources */ = {isa = PBXBuildFile; fileRef = 9490B5542876CB18009E77BD /* Location+CoreDataClass.swift */; };
		9490B5572876CB18009E77BD /* Location+CoreDataProperties.swift in Sources */ = {isa = PBXBuildFile; fileRef = 9490B5552876CB18009E77BD /* Location+CoreDataProperties.swift */; };
		9498D3BC287715640073AFE1 /* LocationsViewController.swift in Sources */ = {isa = PBXBuildFile; fileRef = 9498D3BB287715640073AFE1 /* LocationsViewController.swift */; };
		9498D3BE287726830073AFE1 /* LocationCell.swift in Sources */ = {isa = PBXBuildFile; fileRef = 9498D3BD287726830073AFE1 /* LocationCell.swift */; };
		94A5300C28783351003122E9 /* MapViewController.swift in Sources */ = {isa = PBXBuildFile; fileRef = 94A5300B28783351003122E9 /* MapViewController.swift */; };
		94A5300F287849A4003122E9 /* .swiftlint.yml in Resources */ = {isa = PBXBuildFile; fileRef = 94A5300E287849A4003122E9 /* .swiftlint.yml */; };
		94A5301128788AEA003122E9 /* UIImage+Resize.swift in Sources */ = {isa = PBXBuildFile; fileRef = 94A5301028788AEA003122E9 /* UIImage+Resize.swift */; };
		94A59DE92872D88100B30892 /* AppDelegate.swift in Sources */ = {isa = PBXBuildFile; fileRef = 94A59DE82872D88100B30892 /* AppDelegate.swift */; };
		94A59DEB2872D88100B30892 /* SceneDelegate.swift in Sources */ = {isa = PBXBuildFile; fileRef = 94A59DEA2872D88100B30892 /* SceneDelegate.swift */; };
		94A59DED2872D88100B30892 /* CurrentLocationViewController.swift in Sources */ = {isa = PBXBuildFile; fileRef = 94A59DEC2872D88100B30892 /* CurrentLocationViewController.swift */; };
		94A59DF02872D88100B30892 /* Main.storyboard in Resources */ = {isa = PBXBuildFile; fileRef = 94A59DEE2872D88100B30892 /* Main.storyboard */; };
		94A59DF32872D88100B30892 /* MyLocations.xcdatamodeld in Sources */ = {isa = PBXBuildFile; fileRef = 94A59DF12872D88100B30892 /* MyLocations.xcdatamodeld */; };
		94A59DF52872D88400B30892 /* Assets.xcassets in Resources */ = {isa = PBXBuildFile; fileRef = 94A59DF42872D88400B30892 /* Assets.xcassets */; };
		94A59DF82872D88400B30892 /* LaunchScreen.storyboard in Resources */ = {isa = PBXBuildFile; fileRef = 94A59DF62872D88400B30892 /* LaunchScreen.storyboard */; };
		94A59E00287582C500B30892 /* LocationDetailsViewController.swift in Sources */ = {isa = PBXBuildFile; fileRef = 94A59DFF287582C500B30892 /* LocationDetailsViewController.swift */; };
		94E03B0D287C188400F68643 /* String+AddText.swift in Sources */ = {isa = PBXBuildFile; fileRef = 94E03B0C287C188400F68643 /* String+AddText.swift */; };
		94E03B10287C328400F68643 /* Sound.caf in Resources */ = {isa = PBXBuildFile; fileRef = 94E03B0F287C328400F68643 /* Sound.caf */; };
/* End PBXBuildFile section */

/* Begin PBXFileReference section */
		9490B54E28759ACD009E77BD /* CategoryPickerViewController.swift */ = {isa = PBXFileReference; lastKnownFileType = sourcecode.swift; path = CategoryPickerViewController.swift; sourceTree = "<group>"; };
		9490B5502875C08A009E77BD /* HudView.swift */ = {isa = PBXFileReference; lastKnownFileType = sourcecode.swift; path = HudView.swift; sourceTree = "<group>"; };
		9490B5522875C817009E77BD /* Functions.swift */ = {isa = PBXFileReference; lastKnownFileType = sourcecode.swift; path = Functions.swift; sourceTree = "<group>"; };
		9490B5542876CB18009E77BD /* Location+CoreDataClass.swift */ = {isa = PBXFileReference; lastKnownFileType = sourcecode.swift; path = "Location+CoreDataClass.swift"; sourceTree = "<group>"; };
		9490B5552876CB18009E77BD /* Location+CoreDataProperties.swift */ = {isa = PBXFileReference; lastKnownFileType = sourcecode.swift; path = "Location+CoreDataProperties.swift"; sourceTree = "<group>"; };
		9498D3BB287715640073AFE1 /* LocationsViewController.swift */ = {isa = PBXFileReference; lastKnownFileType = sourcecode.swift; path = LocationsViewController.swift; sourceTree = "<group>"; };
		9498D3BD287726830073AFE1 /* LocationCell.swift */ = {isa = PBXFileReference; lastKnownFileType = sourcecode.swift; path = LocationCell.swift; sourceTree = "<group>"; };
		94A5300B28783351003122E9 /* MapViewController.swift */ = {isa = PBXFileReference; lastKnownFileType = sourcecode.swift; path = MapViewController.swift; sourceTree = "<group>"; };
		94A5300E287849A4003122E9 /* .swiftlint.yml */ = {isa = PBXFileReference; lastKnownFileType = text.yaml; path = .swiftlint.yml; sourceTree = "<group>"; };
		94A5301028788AEA003122E9 /* UIImage+Resize.swift */ = {isa = PBXFileReference; lastKnownFileType = sourcecode.swift; path = "UIImage+Resize.swift"; sourceTree = "<group>"; };
		94A59DE52872D88100B30892 /* MyLocations.app */ = {isa = PBXFileReference; explicitFileType = wrapper.application; includeInIndex = 0; path = MyLocations.app; sourceTree = BUILT_PRODUCTS_DIR; };
		94A59DE82872D88100B30892 /* AppDelegate.swift */ = {isa = PBXFileReference; lastKnownFileType = sourcecode.swift; path = AppDelegate.swift; sourceTree = "<group>"; };
		94A59DEA2872D88100B30892 /* SceneDelegate.swift */ = {isa = PBXFileReference; lastKnownFileType = sourcecode.swift; path = SceneDelegate.swift; sourceTree = "<group>"; };
		94A59DEC2872D88100B30892 /* CurrentLocationViewController.swift */ = {isa = PBXFileReference; lastKnownFileType = sourcecode.swift; path = CurrentLocationViewController.swift; sourceTree = "<group>"; };
		94A59DEF2872D88100B30892 /* Base */ = {isa = PBXFileReference; lastKnownFileType = file.storyboard; name = Base; path = Base.lproj/Main.storyboard; sourceTree = "<group>"; };
		94A59DF22872D88100B30892 /* MyLocations.xcdatamodel */ = {isa = PBXFileReference; lastKnownFileType = wrapper.xcdatamodel; path = MyLocations.xcdatamodel; sourceTree = "<group>"; };
		94A59DF42872D88400B30892 /* Assets.xcassets */ = {isa = PBXFileReference; lastKnownFileType = folder.assetcatalog; path = Assets.xcassets; sourceTree = "<group>"; };
		94A59DF72872D88400B30892 /* Base */ = {isa = PBXFileReference; lastKnownFileType = file.storyboard; name = Base; path = Base.lproj/LaunchScreen.storyboard; sourceTree = "<group>"; };
		94A59DF92872D88400B30892 /* Info.plist */ = {isa = PBXFileReference; lastKnownFileType = text.plist.xml; path = Info.plist; sourceTree = "<group>"; };
		94A59DFF287582C500B30892 /* LocationDetailsViewController.swift */ = {isa = PBXFileReference; lastKnownFileType = sourcecode.swift; path = LocationDetailsViewController.swift; sourceTree = "<group>"; };
		94E03B0C287C188400F68643 /* String+AddText.swift */ = {isa = PBXFileReference; lastKnownFileType = sourcecode.swift; path = "String+AddText.swift"; sourceTree = "<group>"; };
		94E03B0F287C328400F68643 /* Sound.caf */ = {isa = PBXFileReference; lastKnownFileType = file; path = Sound.caf; sourceTree = "<group>"; };
/* End PBXFileReference section */

/* Begin PBXFrameworksBuildPhase section */
		94A59DE22872D88100B30892 /* Frameworks */ = {
			isa = PBXFrameworksBuildPhase;
			buildActionMask = 2147483647;
			files = (
			);
			runOnlyForDeploymentPostprocessing = 0;
		};
/* End PBXFrameworksBuildPhase section */

/* Begin PBXGroup section */
		94A59DDC2872D88100B30892 = {
			isa = PBXGroup;
			children = (
				94A59DE72872D88100B30892 /* MyLocations */,
				94A59DE62872D88100B30892 /* Products */,
			);
			sourceTree = "<group>";
		};
		94A59DE62872D88100B30892 /* Products */ = {
			isa = PBXGroup;
			children = (
				94A59DE52872D88100B30892 /* MyLocations.app */,
			);
			name = Products;
			sourceTree = "<group>";
		};
		94A59DE72872D88100B30892 /* MyLocations */ = {
			isa = PBXGroup;
			children = (
				94A59DE82872D88100B30892 /* AppDelegate.swift */,
				94A59DF42872D88400B30892 /* Assets.xcassets */,
				9490B54E28759ACD009E77BD /* CategoryPickerViewController.swift */,
				94A59DEC2872D88100B30892 /* CurrentLocationViewController.swift */,
				9490B5522875C817009E77BD /* Functions.swift */,
				9490B5502875C08A009E77BD /* HudView.swift */,
				94A59DF92872D88400B30892 /* Info.plist */,
				94A59DF62872D88400B30892 /* LaunchScreen.storyboard */,
				9490B5542876CB18009E77BD /* Location+CoreDataClass.swift */,
				9490B5552876CB18009E77BD /* Location+CoreDataProperties.swift */,
				9498D3BD287726830073AFE1 /* LocationCell.swift */,
				94A59DFF287582C500B30892 /* LocationDetailsViewController.swift */,
				9498D3BB287715640073AFE1 /* LocationsViewController.swift */,
				94A59DEE2872D88100B30892 /* Main.storyboard */,
				94A59DF12872D88100B30892 /* MyLocations.xcdatamodeld */,
				94A59DEA2872D88100B30892 /* SceneDelegate.swift */,
				94A5300B28783351003122E9 /* MapViewController.swift */,
				94A5301028788AEA003122E9 /* UIImage+Resize.swift */,
				94E03B0C287C188400F68643 /* String+AddText.swift */,
				94A5300E287849A4003122E9 /* .swiftlint.yml */,
				94E03B0E287C328400F68643 /* Sound */,
			);
			path = MyLocations;
			sourceTree = "<group>";
		};
		94E03B0E287C328400F68643 /* Sound */ = {
			isa = PBXGroup;
			children = (
				94E03B0F287C328400F68643 /* Sound.caf */,
			);
			path = Sound;
			sourceTree = "<group>";
		};
/* End PBXGroup section */

/* Begin PBXNativeTarget section */
		94A59DE42872D88100B30892 /* MyLocations */ = {
			isa = PBXNativeTarget;
			buildConfigurationList = 94A59DFC2872D88400B30892 /* Build configuration list for PBXNativeTarget "MyLocations" */;
			buildPhases = (
				94A59DE12872D88100B30892 /* Sources */,
				94A59DE22872D88100B30892 /* Frameworks */,
				94A59DE32872D88100B30892 /* Resources */,
				94A5300D287847CB003122E9 /* ShellScript */,
			);
			buildRules = (
			);
			dependencies = (
			);
			name = MyLocations;
			productName = MyLocations;
			productReference = 94A59DE52872D88100B30892 /* MyLocations.app */;
			productType = "com.apple.product-type.application";
		};
/* End PBXNativeTarget section */

/* Begin PBXProject section */
		94A59DDD2872D88100B30892 /* Project object */ = {
			isa = PBXProject;
			attributes = {
				BuildIndependentTargetsInParallel = 1;
				LastSwiftUpdateCheck = 1340;
				LastUpgradeCheck = 1340;
				TargetAttributes = {
					94A59DE42872D88100B30892 = {
						CreatedOnToolsVersion = 13.4;
					};
				};
			};
			buildConfigurationList = 94A59DE02872D88100B30892 /* Build configuration list for PBXProject "MyLocations" */;
			compatibilityVersion = "Xcode 13.0";
			developmentRegion = en;
			hasScannedForEncodings = 0;
			knownRegions = (
				en,
				Base,
			);
			mainGroup = 94A59DDC2872D88100B30892;
			productRefGroup = 94A59DE62872D88100B30892 /* Products */;
			projectDirPath = "";
			projectRoot = "";
			targets = (
				94A59DE42872D88100B30892 /* MyLocations */,
			);
		};
/* End PBXProject section */

/* Begin PBXResourcesBuildPhase section */
		94A59DE32872D88100B30892 /* Resources */ = {
			isa = PBXResourcesBuildPhase;
			buildActionMask = 2147483647;
			files = (
				94A5300F287849A4003122E9 /* .swiftlint.yml in Resources */,
				94A59DF82872D88400B30892 /* LaunchScreen.storyboard in Resources */,
				94A59DF52872D88400B30892 /* Assets.xcassets in Resources */,
				94A59DF02872D88100B30892 /* Main.storyboard in Resources */,
				94E03B10287C328400F68643 /* Sound.caf in Resources */,
			);
			runOnlyForDeploymentPostprocessing = 0;
		};
/* End PBXResourcesBuildPhase section */

/* Begin PBXShellScriptBuildPhase section */
		94A5300D287847CB003122E9 /* ShellScript */ = {
			isa = PBXShellScriptBuildPhase;
			buildActionMask = 2147483647;
			files = (
			);
			inputFileListPaths = (
			);
			inputPaths = (
			);
			outputFileListPaths = (
			);
			outputPaths = (
			);
			runOnlyForDeploymentPostprocessing = 0;
			shellPath = /bin/sh;
			shellScript = "# Type a script or drag a script file from your workspace to insert its path.\nif which swiftlint >/dev/null; then\n  swiftlint\nelse \n    echo \"Warning, swiftlint not installed\"\nfi\n";
		};
/* End PBXShellScriptBuildPhase section */

/* Begin PBXSourcesBuildPhase section */
		94A59DE12872D88100B30892 /* Sources */ = {
			isa = PBXSourcesBuildPhase;
			buildActionMask = 2147483647;
			files = (
				9490B54F28759ACD009E77BD /* CategoryPickerViewController.swift in Sources */,
				94A59DED2872D88100B30892 /* CurrentLocationViewController.swift in Sources */,
				9498D3BE287726830073AFE1 /* LocationCell.swift in Sources */,
				94A59DE92872D88100B30892 /* AppDelegate.swift in Sources */,
				94A59DF32872D88100B30892 /* MyLocations.xcdatamodeld in Sources */,
				9498D3BC287715640073AFE1 /* LocationsViewController.swift in Sources */,
				94A5300C28783351003122E9 /* MapViewController.swift in Sources */,
				94A5301128788AEA003122E9 /* UIImage+Resize.swift in Sources */,
				9490B5572876CB18009E77BD /* Location+CoreDataProperties.swift in Sources */,
				94A59DEB2872D88100B30892 /* SceneDelegate.swift in Sources */,
				9490B5532875C817009E77BD /* Functions.swift in Sources */,
				9490B5562876CB18009E77BD /* Location+CoreDataClass.swift in Sources */,
				94E03B0D287C188400F68643 /* String+AddText.swift in Sources */,
				9490B5512875C08A009E77BD /* HudView.swift in Sources */,
				94A59E00287582C500B30892 /* LocationDetailsViewController.swift in Sources */,
			);
			runOnlyForDeploymentPostprocessing = 0;
		};
/* End PBXSourcesBuildPhase section */

/* Begin PBXVariantGroup section */
		94A59DEE2872D88100B30892 /* Main.storyboard */ = {
			isa = PBXVariantGroup;
			children = (
				94A59DEF2872D88100B30892 /* Base */,
			);
			name = Main.storyboard;
			sourceTree = "<group>";
		};
		94A59DF62872D88400B30892 /* LaunchScreen.storyboard */ = {
			isa = PBXVariantGroup;
			children = (
				94A59DF72872D88400B30892 /* Base */,
			);
			name = LaunchScreen.storyboard;
			sourceTree = "<group>";
		};
/* End PBXVariantGroup section */

/* Begin XCBuildConfiguration section */
		94A59DFA2872D88400B30892 /* Debug */ = {
			isa = XCBuildConfiguration;
			buildSettings = {
				ALWAYS_SEARCH_USER_PATHS = NO;
				CLANG_ANALYZER_NONNULL = YES;
				CLANG_ANALYZER_NUMBER_OBJECT_CONVERSION = YES_AGGRESSIVE;
				CLANG_CXX_LANGUAGE_STANDARD = "gnu++17";
				CLANG_ENABLE_MODULES = YES;
				CLANG_ENABLE_OBJC_ARC = YES;
				CLANG_ENABLE_OBJC_WEAK = YES;
				CLANG_WARN_BLOCK_CAPTURE_AUTORELEASING = YES;
				CLANG_WARN_BOOL_CONVERSION = YES;
				CLANG_WARN_COMMA = YES;
				CLANG_WARN_CONSTANT_CONVERSION = YES;
				CLANG_WARN_DEPRECATED_OBJC_IMPLEMENTATIONS = YES;
				CLANG_WARN_DIRECT_OBJC_ISA_USAGE = YES_ERROR;
				CLANG_WARN_DOCUMENTATION_COMMENTS = YES;
				CLANG_WARN_EMPTY_BODY = YES;
				CLANG_WARN_ENUM_CONVERSION = YES;
				CLANG_WARN_INFINITE_RECURSION = YES;
				CLANG_WARN_INT_CONVERSION = YES;
				CLANG_WARN_NON_LITERAL_NULL_CONVERSION = YES;
				CLANG_WARN_OBJC_IMPLICIT_RETAIN_SELF = YES;
				CLANG_WARN_OBJC_LITERAL_CONVERSION = YES;
				CLANG_WARN_OBJC_ROOT_CLASS = YES_ERROR;
				CLANG_WARN_QUOTED_INCLUDE_IN_FRAMEWORK_HEADER = YES;
				CLANG_WARN_RANGE_LOOP_ANALYSIS = YES;
				CLANG_WARN_STRICT_PROTOTYPES = YES;
				CLANG_WARN_SUSPICIOUS_MOVE = YES;
				CLANG_WARN_UNGUARDED_AVAILABILITY = YES_AGGRESSIVE;
				CLANG_WARN_UNREACHABLE_CODE = YES;
				CLANG_WARN__DUPLICATE_METHOD_MATCH = YES;
				COPY_PHASE_STRIP = NO;
				DEBUG_INFORMATION_FORMAT = dwarf;
				ENABLE_STRICT_OBJC_MSGSEND = YES;
				ENABLE_TESTABILITY = YES;
				GCC_C_LANGUAGE_STANDARD = gnu11;
				GCC_DYNAMIC_NO_PIC = NO;
				GCC_NO_COMMON_BLOCKS = YES;
				GCC_OPTIMIZATION_LEVEL = 0;
				GCC_PREPROCESSOR_DEFINITIONS = (
					"DEBUG=1",
					"$(inherited)",
				);
				GCC_WARN_64_TO_32_BIT_CONVERSION = YES;
				GCC_WARN_ABOUT_RETURN_TYPE = YES_ERROR;
				GCC_WARN_UNDECLARED_SELECTOR = YES;
				GCC_WARN_UNINITIALIZED_AUTOS = YES_AGGRESSIVE;
				GCC_WARN_UNUSED_FUNCTION = YES;
				GCC_WARN_UNUSED_VARIABLE = YES;
				IPHONEOS_DEPLOYMENT_TARGET = 15.5;
				MTL_ENABLE_DEBUG_INFO = INCLUDE_SOURCE;
				MTL_FAST_MATH = YES;
				ONLY_ACTIVE_ARCH = YES;
				SDKROOT = iphoneos;
				SWIFT_ACTIVE_COMPILATION_CONDITIONS = DEBUG;
				SWIFT_OPTIMIZATION_LEVEL = "-Onone";
			};
			name = Debug;
		};
		94A59DFB2872D88400B30892 /* Release */ = {
			isa = XCBuildConfiguration;
			buildSettings = {
				ALWAYS_SEARCH_USER_PATHS = NO;
				CLANG_ANALYZER_NONNULL = YES;
				CLANG_ANALYZER_NUMBER_OBJECT_CONVERSION = YES_AGGRESSIVE;
				CLANG_CXX_LANGUAGE_STANDARD = "gnu++17";
				CLANG_ENABLE_MODULES = YES;
				CLANG_ENABLE_OBJC_ARC = YES;
				CLANG_ENABLE_OBJC_WEAK = YES;
				CLANG_WARN_BLOCK_CAPTURE_AUTORELEASING = YES;
				CLANG_WARN_BOOL_CONVERSION = YES;
				CLANG_WARN_COMMA = YES;
				CLANG_WARN_CONSTANT_CONVERSION = YES;
				CLANG_WARN_DEPRECATED_OBJC_IMPLEMENTATIONS = YES;
				CLANG_WARN_DIRECT_OBJC_ISA_USAGE = YES_ERROR;
				CLANG_WARN_DOCUMENTATION_COMMENTS = YES;
				CLANG_WARN_EMPTY_BODY = YES;
				CLANG_WARN_ENUM_CONVERSION = YES;
				CLANG_WARN_INFINITE_RECURSION = YES;
				CLANG_WARN_INT_CONVERSION = YES;
				CLANG_WARN_NON_LITERAL_NULL_CONVERSION = YES;
				CLANG_WARN_OBJC_IMPLICIT_RETAIN_SELF = YES;
				CLANG_WARN_OBJC_LITERAL_CONVERSION = YES;
				CLANG_WARN_OBJC_ROOT_CLASS = YES_ERROR;
				CLANG_WARN_QUOTED_INCLUDE_IN_FRAMEWORK_HEADER = YES;
				CLANG_WARN_RANGE_LOOP_ANALYSIS = YES;
				CLANG_WARN_STRICT_PROTOTYPES = YES;
				CLANG_WARN_SUSPICIOUS_MOVE = YES;
				CLANG_WARN_UNGUARDED_AVAILABILITY = YES_AGGRESSIVE;
				CLANG_WARN_UNREACHABLE_CODE = YES;
				CLANG_WARN__DUPLICATE_METHOD_MATCH = YES;
				COPY_PHASE_STRIP = NO;
				DEBUG_INFORMATION_FORMAT = "dwarf-with-dsym";
				ENABLE_NS_ASSERTIONS = NO;
				ENABLE_STRICT_OBJC_MSGSEND = YES;
				GCC_C_LANGUAGE_STANDARD = gnu11;
				GCC_NO_COMMON_BLOCKS = YES;
				GCC_WARN_64_TO_32_BIT_CONVERSION = YES;
				GCC_WARN_ABOUT_RETURN_TYPE = YES_ERROR;
				GCC_WARN_UNDECLARED_SELECTOR = YES;
				GCC_WARN_UNINITIALIZED_AUTOS = YES_AGGRESSIVE;
				GCC_WARN_UNUSED_FUNCTION = YES;
				GCC_WARN_UNUSED_VARIABLE = YES;
				IPHONEOS_DEPLOYMENT_TARGET = 15.5;
				MTL_ENABLE_DEBUG_INFO = NO;
				MTL_FAST_MATH = YES;
				SDKROOT = iphoneos;
				SWIFT_COMPILATION_MODE = wholemodule;
				SWIFT_OPTIMIZATION_LEVEL = "-O";
				VALIDATE_PRODUCT = YES;
			};
			name = Release;
		};
		94A59DFD2872D88400B30892 /* Debug */ = {
			isa = XCBuildConfiguration;
			buildSettings = {
				ASSETCATALOG_COMPILER_APPICON_NAME = AppIcon;
				ASSETCATALOG_COMPILER_GLOBAL_ACCENT_COLOR_NAME = AccentColor;
				CODE_SIGN_STYLE = Automatic;
				CURRENT_PROJECT_VERSION = 1;
				DEVELOPMENT_TEAM = ST823QU25Q;
				GENERATE_INFOPLIST_FILE = YES;
				INFOPLIST_FILE = MyLocations/Info.plist;
				INFOPLIST_KEY_LSApplicationCategoryType = "";
				INFOPLIST_KEY_NSCameraUsageDescription = "Add photos to your locations";
				INFOPLIST_KEY_NSLocationWhenInUseUsageDescription = "This app lets you keep track of interesting places. It needs access to the GPS coordinates for your location";
				INFOPLIST_KEY_NSPhotoLibraryAddUsageDescription = "Add photos to your locations";
				INFOPLIST_KEY_UIApplicationSupportsIndirectInputEvents = YES;
				INFOPLIST_KEY_UILaunchStoryboardName = LaunchScreen;
				INFOPLIST_KEY_UIMainStoryboardFile = Main;
				INFOPLIST_KEY_UIRequiredDeviceCapabilities = "location-services";
				INFOPLIST_KEY_UISupportedInterfaceOrientations = UIInterfaceOrientationPortrait;
				INFOPLIST_KEY_UISupportedInterfaceOrientations_iPad = "UIInterfaceOrientationPortrait UIInterfaceOrientationPortraitUpsideDown UIInterfaceOrientationLandscapeLeft UIInterfaceOrientationLandscapeRight";
				INFOPLIST_KEY_UISupportedInterfaceOrientations_iPhone = "UIInterfaceOrientationPortrait UIInterfaceOrientationLandscapeLeft UIInterfaceOrientationLandscapeRight";
				INFOPLIST_KEY_UIUserInterfaceStyle = Dark;
				LD_RUNPATH_SEARCH_PATHS = (
					"$(inherited)",
					"@executable_path/Frameworks",
				);
				MARKETING_VERSION = 1.0;
				PRODUCT_BUNDLE_IDENTIFIER = com.akulahere.MyLocations;
				PRODUCT_NAME = "$(TARGET_NAME)";
				SWIFT_EMIT_LOC_STRINGS = YES;
				SWIFT_VERSION = 5.0;
				TARGETED_DEVICE_FAMILY = "1,2";
			};
			name = Debug;
		};
		94A59DFE2872D88400B30892 /* Release */ = {
			isa = XCBuildConfiguration;
			buildSettings = {
				ASSETCATALOG_COMPILER_APPICON_NAME = AppIcon;
				ASSETCATALOG_COMPILER_GLOBAL_ACCENT_COLOR_NAME = AccentColor;
				CODE_SIGN_STYLE = Automatic;
				CURRENT_PROJECT_VERSION = 1;
				DEVELOPMENT_TEAM = ST823QU25Q;
				GENERATE_INFOPLIST_FILE = YES;
				INFOPLIST_FILE = MyLocations/Info.plist;
				INFOPLIST_KEY_LSApplicationCategoryType = "";
				INFOPLIST_KEY_NSCameraUsageDescription = "Add photos to your locations";
				INFOPLIST_KEY_NSLocationWhenInUseUsageDescription = "This app lets you keep track of interesting places. It needs access to the GPS coordinates for your location";
				INFOPLIST_KEY_NSPhotoLibraryAddUsageDescription = "Add photos to your locations";
				INFOPLIST_KEY_UIApplicationSupportsIndirectInputEvents = YES;
				INFOPLIST_KEY_UILaunchStoryboardName = LaunchScreen;
				INFOPLIST_KEY_UIMainStoryboardFile = Main;
				INFOPLIST_KEY_UIRequiredDeviceCapabilities = "location-services";
				INFOPLIST_KEY_UISupportedInterfaceOrientations = UIInterfaceOrientationPortrait;
				INFOPLIST_KEY_UISupportedInterfaceOrientations_iPad = "UIInterfaceOrientationPortrait UIInterfaceOrientationPortraitUpsideDown UIInterfaceOrientationLandscapeLeft UIInterfaceOrientationLandscapeRight";
				INFOPLIST_KEY_UISupportedInterfaceOrientations_iPhone = "UIInterfaceOrientationPortrait UIInterfaceOrientationLandscapeLeft UIInterfaceOrientationLandscapeRight";
				INFOPLIST_KEY_UIUserInterfaceStyle = Dark;
				LD_RUNPATH_SEARCH_PATHS = (
					"$(inherited)",
					"@executable_path/Frameworks",
				);
				MARKETING_VERSION = 1.0;
				PRODUCT_BUNDLE_IDENTIFIER = com.akulahere.MyLocations;
				PRODUCT_NAME = "$(TARGET_NAME)";
				SWIFT_EMIT_LOC_STRINGS = YES;
				SWIFT_VERSION = 5.0;
				TARGETED_DEVICE_FAMILY = "1,2";
			};
			name = Release;
		};
/* End XCBuildConfiguration section */

/* Begin XCConfigurationList section */
		94A59DE02872D88100B30892 /* Build configuration list for PBXProject "MyLocations" */ = {
			isa = XCConfigurationList;
			buildConfigurations = (
				94A59DFA2872D88400B30892 /* Debug */,
				94A59DFB2872D88400B30892 /* Release */,
			);
			defaultConfigurationIsVisible = 0;
			defaultConfigurationName = Release;
		};
		94A59DFC2872D88400B30892 /* Build configuration list for PBXNativeTarget "MyLocations" */ = {
			isa = XCConfigurationList;
			buildConfigurations = (
				94A59DFD2872D88400B30892 /* Debug */,
				94A59DFE2872D88400B30892 /* Release */,
			);
			defaultConfigurationIsVisible = 0;
			defaultConfigurationName = Release;
		};
/* End XCConfigurationList section */

/* Begin XCVersionGroup section */
		94A59DF12872D88100B30892 /* MyLocations.xcdatamodeld */ = {
			isa = XCVersionGroup;
			children = (
				94A59DF22872D88100B30892 /* MyLocations.xcdatamodel */,
			);
			currentVersion = 94A59DF22872D88100B30892 /* MyLocations.xcdatamodel */;
			path = MyLocations.xcdatamodeld;
			sourceTree = "<group>";
			versionGroupType = wrapper.xcdatamodel;
		};
/* End XCVersionGroup section */
	};
	rootObject = 94A59DDD2872D88100B30892 /* Project object */;
}
